
Microsoft Visual Studio Solution File, Format Version 12.00
# Visual Studio 15
VisualStudioVersion = 15.0.27130.2027
MinimumVisualStudioVersion = 10.0.40219.1
Project("{FAE04EC0-301F-11D3-BF4B-00C04F79EFBC}") = "WHP", "WHP\WHP.csproj", "{A11502D2-804A-428A-8145-06FA1D067982}"
EndProject
Project("{FAE04EC0-301F-11D3-BF4B-00C04F79EFBC}") = "Client_03", "Client_03\Client_03.csproj", "{E1989FEB-39AE-49BA-9C1E-6E32FD9FC20F}"
EndProject
Project("{FAE04EC0-301F-11D3-BF4B-00C04F79EFBC}") = "FileServer_03", "FileServer_03\FileServer_03.csproj", "{A0DB406B-7B06-45B9-9A2D-E1D8AA95C057}"
EndProject
Project("{FAE04EC0-301F-11D3-BF4B-00C04F79EFBC}") = "LoginServer", "LoginServer_01\LoginServer.csproj", "{BB9BF57D-2410-498C-A64A-F6A40E8D4F0A}"
EndProject
Global
	GlobalSection(SolutionConfigurationPlatforms) = preSolution
		Debug|Any CPU = Debug|Any CPU
		Release|Any CPU = Release|Any CPU
	EndGlobalSection
	GlobalSection(ProjectConfigurationPlatforms) = postSolution
		{A11502D2-804A-428A-8145-06FA1D067982}.Debug|Any CPU.ActiveCfg = Debug|Any CPU
		{A11502D2-804A-428A-8145-06FA1D067982}.Debug|Any CPU.Build.0 = Debug|Any CPU
		{A11502D2-804A-428A-8145-06FA1D067982}.Release|Any CPU.ActiveCfg = Release|Any CPU
		{A11502D2-804A-428A-8145-06FA1D067982}.Release|Any CPU.Build.0 = Release|Any CPU
		{E1989FEB-39AE-49BA-9C1E-6E32FD9FC20F}.Debug|Any CPU.ActiveCfg = Debug|Any CPU
		{E1989FEB-39AE-49BA-9C1E-6E32FD9FC20F}.Debug|Any CPU.Build.0 = Debug|Any CPU
		{E1989FEB-39AE-49BA-9C1E-6E32FD9FC20F}.Release|Any CPU.ActiveCfg = Release|Any CPU
		{E1989FEB-39AE-49BA-9C1E-6E32FD9FC20F}.Release|Any CPU.Build.0 = Release|Any CPU
		{A0DB406B-7B06-45B9-9A2D-E1D8AA95C057}.Debug|Any CPU.ActiveCfg = Debug|Any CPU
		{A0DB406B-7B06-45B9-9A2D-E1D8AA95C057}.Debug|Any CPU.Build.0 = Debug|Any CPU
		{A0DB406B-7B06-45B9-9A2D-E1D8AA95C057}.Release|Any CPU.ActiveCfg = Release|Any CPU
		{A0DB406B-7B06-45B9-9A2D-E1D8AA95C057}.Release|Any CPU.Build.0 = Release|Any CPU
		{BB9BF57D-2410-498C-A64A-F6A40E8D4F0A}.Debug|Any CPU.ActiveCfg = Debug|Any CPU
		{BB9BF57D-2410-498C-A64A-F6A40E8D4F0A}.Debug|Any CPU.Build.0 = Debug|Any CPU
		{BB9BF57D-2410-498C-A64A-F6A40E8D4F0A}.Release|Any CPU.ActiveCfg = Release|Any CPU
		{BB9BF57D-2410-498C-A64A-F6A40E8D4F0A}.Release|Any CPU.Build.0 = Release|Any CPU
	EndGlobalSection
	GlobalSection(SolutionProperties) = preSolution
		HideSolutionNode = FALSE
	EndGlobalSection
	GlobalSection(ExtensibilityGlobals) = postSolution
		SolutionGuid = {AE8B2D63-0CF6-43CA-A11F-4A2C2C22CAED}
	EndGlobalSection
EndGlobal
